Microsoft Visual Studio Solution File, Format Version 12.00
# Visual Studio Version 17
VisualStudioVersion = 17.5.2.0
MinimumVisualStudioVersion = 10.0.40219.1
Project("{FAE04EC0-301F-11D3-BF4B-00C04F79EFBC}") = "Hermes-Backend", "Hermes-Backend\Hermes-Backend.csproj", "{17EE0C36-5A58-3D09-53B3-80EEF86ADB8C}"
EndProject
Project("{FAE04EC0-301F-11D3-BF4B-00C04F79EFBC}") = "Hermes-Backend.Tests", "Hermes-Backend.Tests\Hermes-Backend.Tests.csproj", "{678C0B39-2180-4F64-BD8B-B301A1AE0902}"
EndProject
Global
	GlobalSection(SolutionConfigurationPlatforms) = preSolution
		Debug|Any CPU = Debug|Any CPU
		Release|Any CPU = Release|Any CPU
	EndGlobalSection
	GlobalSection(ProjectConfigurationPlatforms) = postSolution
		{17EE0C36-5A58-3D09-53B3-80EEF86ADB8C}.Debug|Any CPU.ActiveCfg = Debug|Any CPU
		{17EE0C36-5A58-3D09-53B3-80EEF86ADB8C}.Debug|Any CPU.Build.0 = Debug|Any CPU
		{17EE0C36-5A58-3D09-53B3-80EEF86ADB8C}.Release|Any CPU.ActiveCfg = Release|Any CPU
		{17EE0C36-5A58-3D09-53B3-80EEF86ADB8C}.Release|Any CPU.Build.0 = Release|Any CPU
		{678C0B39-2180-4F64-BD8B-B301A1AE0902}.Debug|Any CPU.ActiveCfg = Debug|Any CPU
		{678C0B39-2180-4F64-BD8B-B301A1AE0902}.Debug|Any CPU.Build.0 = Debug|Any CPU
		{678C0B39-2180-4F64-BD8B-B301A1AE0902}.Release|Any CPU.ActiveCfg = Release|Any CPU
		{678C0B39-2180-4F64-BD8B-B301A1AE0902}.Release|Any CPU.Build.0 = Release|Any CPU
	EndGlobalSection
	GlobalSection(SolutionProperties) = preSolution
		HideSolutionNode = FALSE
	EndGlobalSection
	GlobalSection(ExtensibilityGlobals) = postSolution
		SolutionGuid = {34D9DF69-507A-430E-9215-6B5A47B39DF3}
	EndGlobalSection
EndGlobal
